{
  "version": 4,
  "terraform_version": "1.5.7",
  "serial": 4,
  "lineage": "610ffdaa-ff69-d869-3b04-b0ac8b54e43c",
  "outputs": {},
  "resources": [
    {
      "mode": "managed",
      "type": "aws_cloudfront_distribution",
      "name": "backend_cdn",
      "provider": "provider[\"registry.terraform.io/hashicorp/aws\"]",
      "instances": []
    },
    {
      "mode": "managed",
      "type": "aws_key_pair",
      "name": "default",
      "provider": "provider[\"registry.terraform.io/hashicorp/aws\"]",
      "instances": [
        {
          "schema_version": 1,
          "attributes": {
            "arn": "arn:aws:ec2:us-east-1:872112794528:key-pair/flashcard-key",
            "fingerprint": "54:1a:a5:f0:22:57:94:a7:83:57:6e:23:fb:45:25:29",
            "id": "flashcard-key",
            "key_name": "flashcard-key",
            "key_name_prefix": "",
            "key_pair_id": "key-04014d2c4854213c2",
            "key_type": "rsa",
            "public_key": "ssh-rsa AAAAB3NzaC1yc2EAAAADAQABAAACAQCR5VDLBd/2IjIOPnhxzLe5ewFNLdbHYreJBm1ZL5wfDaGV3ffqM/C7yuTw+nBBaMdTok1AvH72feQxuXPDQGFVcrXOfK50/golOTu6agFgseXLS/vjow6eBHXjGrCL9uhNoGDlJ+sy8yLzLTE1JxMulmTEMxeej/EOO5iDoHiT+Mvr6uElxH0fuPFoaeqPAOOq/4xtTI0smJzAVcclU3DdaoL96JMtecqWU1PkNKfqLyLTTDCu+uArzI+r6y2+WEFgoaL2gOzgpw6WzsaiwHCYllsZLCzwsVKC0AFhyZ+JWinuAY79+Ti/MjebbcArDYalWa2m1moQAp9WFP8TEKtnZbbryV3UFWP2M3I7pPIaEsE1R+CbbZ4kVVYNE68oBEXdTibqGHFHDT6SgdAmtlOvMLbph/owdkZKccDL4e+uDwAmmU252om+P7tK7eCL5rLe/tbGtbsGD3ZhsiD2lxZM5huMHvLFdmPvYe/KWRwL51EQfzpFGINYZg/srZqB3cUFV5+jXg4CZvG0vtbSSp+DRE8IPlwPK2bQ9qAOcHgHG7PSFXwyhxIptFnHaPZ7xz0B0nGnIhsbNQeRM6fRVt+H+hoA1Gz4XUINikLgPS29sRzWl4GZ4mHMAhe3OSldF94wZh6k2Ds8HnXKFF41XPPCgPrjUD+7pAV9Ov9Ngu5TVw== cleitoncnovais@outlook.com",
            "region": "us-east-1",
            "tags": null,
            "tags_all": {}
          },
          "sensitive_attributes": [],
          "private": "eyJzY2hlbWFfdmVyc2lvbiI6IjEifQ=="
        }
      ]
    },
    {
      "mode": "managed",
      "type": "aws_security_group",
      "name": "backend_sg",
      "provider": "provider[\"registry.terraform.io/hashicorp/aws\"]",
      "instances": [
        {
          "schema_version": 1,
          "attributes": {
            "arn": "arn:aws:ec2:us-east-1:872112794528:security-group/sg-086f9e43c588fa360",
            "description": "Allow HTTP (3000) and SSH",
            "egress": [
              {
                "cidr_blocks": [
                  "0.0.0.0/0"
                ],
                "description": "",
                "from_port": 0,
                "ipv6_cidr_blocks": [],
                "prefix_list_ids": [],
                "protocol": "-1",
                "security_groups": [],
                "self": false,
                "to_port": 0
              }
            ],
            "id": "sg-086f9e43c588fa360",
            "ingress": [
              {
                "cidr_blocks": [
                  "0.0.0.0/0"
                ],
                "description": "",
                "from_port": 22,
                "ipv6_cidr_blocks": [],
                "prefix_list_ids": [],
                "protocol": "tcp",
                "security_groups": [],
                "self": false,
                "to_port": 22
              },
              {
                "cidr_blocks": [
                  "0.0.0.0/0"
                ],
                "description": "",
                "from_port": 3000,
                "ipv6_cidr_blocks": [],
                "prefix_list_ids": [],
                "protocol": "tcp",
                "security_groups": [],
                "self": false,
                "to_port": 3000
              }
            ],
            "name": "backend-sg",
            "name_prefix": "",
            "owner_id": "872112794528",
            "region": "us-east-1",
            "revoke_rules_on_delete": false,
            "tags": null,
            "tags_all": {},
            "timeouts": null,
            "vpc_id": "vpc-07f30f07ae8cd9adb"
          },
          "sensitive_attributes": [],
          "private": "eyJlMmJmYjczMC1lY2FhLTExZTYtOGY4OC0zNDM2M2JjN2M0YzAiOnsiY3JlYXRlIjo2MDAwMDAwMDAwMDAsImRlbGV0ZSI6OTAwMDAwMDAwMDAwfSwic2NoZW1hX3ZlcnNpb24iOiIxIn0="
        }
      ]
    }
  ],
  "check_results": null
}
